
Microsoft Visual Studio Solution File, Format Version 12.00
# Visual Studio Version 17
VisualStudioVersion = 17.3.32922.545
MinimumVisualStudioVersion = 10.0.40219.1
Project("{FAE04EC0-301F-11D3-BF4B-00C04F79EFBC}") = "Interface_Example", "Interface_Example\Interface_Example.csproj", "{C7E12383-6506-4C82-93E4-5EC05AF65E4C}"
EndProject
Global
	GlobalSection(SolutionConfigurationPlatforms) = preSolution
		Debug|Any CPU = Debug|Any CPU
		Release|Any CPU = Release|Any CPU
	EndGlobalSection
	GlobalSection(ProjectConfigurationPlatforms) = postSolution
		{C7E12383-6506-4C82-93E4-5EC05AF65E4C}.Debug|Any CPU.ActiveCfg = Debug|Any CPU
		{C7E12383-6506-4C82-93E4-5EC05AF65E4C}.Debug|Any CPU.Build.0 = Debug|Any CPU
		{C7E12383-6506-4C82-93E4-5EC05AF65E4C}.Release|Any CPU.ActiveCfg = Release|Any CPU
		{C7E12383-6506-4C82-93E4-5EC05AF65E4C}.Release|Any CPU.Build.0 = Release|Any CPU
	EndGlobalSection
	GlobalSection(SolutionProperties) = preSolution
		HideSolutionNode = FALSE
	EndGlobalSection
	GlobalSection(ExtensibilityGlobals) = postSolution
		SolutionGuid = {2BE2EC67-BF7C-402A-800D-6A1BF35957A1}
	EndGlobalSection
EndGlobal
