
Microsoft Visual Studio Solution File, Format Version 12.00
# Visual Studio Version 17
VisualStudioVersion = 17.3.32922.545
MinimumVisualStudioVersion = 10.0.40219.1
Project("{FAE04EC0-301F-11D3-BF4B-00C04F79EFBC}") = "Namespace_Example", "Namespace_Example\Namespace_Example.csproj", "{EAAC1E8A-5028-485D-A13F-2CEF2E5103B4}"
EndProject
Global
	GlobalSection(SolutionConfigurationPlatforms) = preSolution
		Debug|Any CPU = Debug|Any CPU
		Release|Any CPU = Release|Any CPU
	EndGlobalSection
	GlobalSection(ProjectConfigurationPlatforms) = postSolution
		{EAAC1E8A-5028-485D-A13F-2CEF2E5103B4}.Debug|Any CPU.ActiveCfg = Debug|Any CPU
		{EAAC1E8A-5028-485D-A13F-2CEF2E5103B4}.Debug|Any CPU.Build.0 = Debug|Any CPU
		{EAAC1E8A-5028-485D-A13F-2CEF2E5103B4}.Release|Any CPU.ActiveCfg = Release|Any CPU
		{EAAC1E8A-5028-485D-A13F-2CEF2E5103B4}.Release|Any CPU.Build.0 = Release|Any CPU
	EndGlobalSection
	GlobalSection(SolutionProperties) = preSolution
		HideSolutionNode = FALSE
	EndGlobalSection
	GlobalSection(ExtensibilityGlobals) = postSolution
		SolutionGuid = {A690A83D-C2DA-4163-A5FA-E4C12A752180}
	EndGlobalSection
EndGlobal
