
Microsoft Visual Studio Solution File, Format Version 12.00
# Visual Studio Version 17
VisualStudioVersion = 17.0.31903.59
MinimumVisualStudioVersion = 10.0.40219.1
Project("{FAE04EC0-301F-11D3-BF4B-00C04F79EFBC}") = "AssembliesAndNamespaces", "AssembliesAndNamespaces\AssembliesAndNamespaces.csproj", "{09C3DC23-6A20-4C27-A602-F054D1FEEC36}"
EndProject
Project("{FAE04EC0-301F-11D3-BF4B-00C04F79EFBC}") = "SharedLibrary", "SharedLibrary\SharedLibrary.csproj", "{8C59F324-85D8-46D5-82CC-6F63E20B9B5B}"
EndProject
Project("{FAE04EC0-301F-11D3-BF4B-00C04F79EFBC}") = "ControlSDK", "ControlSDK\ControlSDK.csproj", "{C43F6D44-4BF5-4870-86D7-090410F641A2}"
EndProject
Project("{FAE04EC0-301F-11D3-BF4B-00C04F79EFBC}") = "DotNetEverywhere", "DotNetEverywhere\DotNetEverywhere.csproj", "{49FF95D5-D587-4AFF-8AF7-2419327B1AA8}"
EndProject
Project("{FAE04EC0-301F-11D3-BF4B-00C04F79EFBC}") = "SourceLinks", "SourceLinks\SourceLinks.csproj", "{40A21EC2-1779-4B0A-94B8-D1B5A573C979}"
EndProject
Global
	GlobalSection(SolutionConfigurationPlatforms) = preSolution
		Debug|Any CPU = Debug|Any CPU
		Release|Any CPU = Release|Any CPU
	EndGlobalSection
	GlobalSection(SolutionProperties) = preSolution
		HideSolutionNode = FALSE
	EndGlobalSection
	GlobalSection(ProjectConfigurationPlatforms) = postSolution
		{09C3DC23-6A20-4C27-A602-F054D1FEEC36}.Debug|Any CPU.ActiveCfg = Debug|Any CPU
		{09C3DC23-6A20-4C27-A602-F054D1FEEC36}.Debug|Any CPU.Build.0 = Debug|Any CPU
		{09C3DC23-6A20-4C27-A602-F054D1FEEC36}.Release|Any CPU.ActiveCfg = Release|Any CPU
		{09C3DC23-6A20-4C27-A602-F054D1FEEC36}.Release|Any CPU.Build.0 = Release|Any CPU
		{8C59F324-85D8-46D5-82CC-6F63E20B9B5B}.Debug|Any CPU.ActiveCfg = Debug|Any CPU
		{8C59F324-85D8-46D5-82CC-6F63E20B9B5B}.Debug|Any CPU.Build.0 = Debug|Any CPU
		{8C59F324-85D8-46D5-82CC-6F63E20B9B5B}.Release|Any CPU.ActiveCfg = Release|Any CPU
		{8C59F324-85D8-46D5-82CC-6F63E20B9B5B}.Release|Any CPU.Build.0 = Release|Any CPU
		{C43F6D44-4BF5-4870-86D7-090410F641A2}.Debug|Any CPU.ActiveCfg = Debug|Any CPU
		{C43F6D44-4BF5-4870-86D7-090410F641A2}.Debug|Any CPU.Build.0 = Debug|Any CPU
		{C43F6D44-4BF5-4870-86D7-090410F641A2}.Release|Any CPU.ActiveCfg = Release|Any CPU
		{C43F6D44-4BF5-4870-86D7-090410F641A2}.Release|Any CPU.Build.0 = Release|Any CPU
		{49FF95D5-D587-4AFF-8AF7-2419327B1AA8}.Debug|Any CPU.ActiveCfg = Debug|Any CPU
		{49FF95D5-D587-4AFF-8AF7-2419327B1AA8}.Debug|Any CPU.Build.0 = Debug|Any CPU
		{49FF95D5-D587-4AFF-8AF7-2419327B1AA8}.Release|Any CPU.ActiveCfg = Release|Any CPU
		{49FF95D5-D587-4AFF-8AF7-2419327B1AA8}.Release|Any CPU.Build.0 = Release|Any CPU
		{40A21EC2-1779-4B0A-94B8-D1B5A573C979}.Debug|Any CPU.ActiveCfg = Debug|Any CPU
		{40A21EC2-1779-4B0A-94B8-D1B5A573C979}.Debug|Any CPU.Build.0 = Debug|Any CPU
		{40A21EC2-1779-4B0A-94B8-D1B5A573C979}.Release|Any CPU.ActiveCfg = Release|Any CPU
		{40A21EC2-1779-4B0A-94B8-D1B5A573C979}.Release|Any CPU.Build.0 = Release|Any CPU
	EndGlobalSection
EndGlobal
