
Microsoft Visual Studio Solution File, Format Version 12.00
# Visual Studio Version 17
VisualStudioVersion = 17.0.31903.59
MinimumVisualStudioVersion = 10.0.40219.1
Project("{FAE04EC0-301F-11D3-BF4B-00C04F79EFBC}") = "PacktLibrary", "PacktLibrary\PacktLibrary.csproj", "{EDA0D5DF-414A-4B04-B7D1-3768A308B0EE}"
EndProject
Project("{FAE04EC0-301F-11D3-BF4B-00C04F79EFBC}") = "PeopleApp", "PeopleApp\PeopleApp.csproj", "{F30C8D95-4335-408C-BCF5-B6273A4EEE86}"
EndProject
Project("{FAE04EC0-301F-11D3-BF4B-00C04F79EFBC}") = "NullHandling", "NullHandling\NullHandling.csproj", "{06CC3562-B918-4EC2-A50E-2615B5C7EE24}"
EndProject
Project("{FAE04EC0-301F-11D3-BF4B-00C04F79EFBC}") = "CodeAnalyzing", "CodeAnalyzing\CodeAnalyzing.csproj", "{F397B564-EFFB-4E54-BB7D-F5EE2A04953E}"
EndProject
Project("{FAE04EC0-301F-11D3-BF4B-00C04F79EFBC}") = "WarningsAsErrors", "WarningsAsErrors\WarningsAsErrors.csproj", "{EA48D578-FDF6-4F4F-AC00-43EF5066680E}"
EndProject
Global
	GlobalSection(SolutionConfigurationPlatforms) = preSolution
		Debug|Any CPU = Debug|Any CPU
		Release|Any CPU = Release|Any CPU
	EndGlobalSection
	GlobalSection(SolutionProperties) = preSolution
		HideSolutionNode = FALSE
	EndGlobalSection
	GlobalSection(ProjectConfigurationPlatforms) = postSolution
		{EDA0D5DF-414A-4B04-B7D1-3768A308B0EE}.Debug|Any CPU.ActiveCfg = Debug|Any CPU
		{EDA0D5DF-414A-4B04-B7D1-3768A308B0EE}.Debug|Any CPU.Build.0 = Debug|Any CPU
		{EDA0D5DF-414A-4B04-B7D1-3768A308B0EE}.Release|Any CPU.ActiveCfg = Release|Any CPU
		{EDA0D5DF-414A-4B04-B7D1-3768A308B0EE}.Release|Any CPU.Build.0 = Release|Any CPU
		{F30C8D95-4335-408C-BCF5-B6273A4EEE86}.Debug|Any CPU.ActiveCfg = Debug|Any CPU
		{F30C8D95-4335-408C-BCF5-B6273A4EEE86}.Debug|Any CPU.Build.0 = Debug|Any CPU
		{F30C8D95-4335-408C-BCF5-B6273A4EEE86}.Release|Any CPU.ActiveCfg = Release|Any CPU
		{F30C8D95-4335-408C-BCF5-B6273A4EEE86}.Release|Any CPU.Build.0 = Release|Any CPU
		{06CC3562-B918-4EC2-A50E-2615B5C7EE24}.Debug|Any CPU.ActiveCfg = Debug|Any CPU
		{06CC3562-B918-4EC2-A50E-2615B5C7EE24}.Debug|Any CPU.Build.0 = Debug|Any CPU
		{06CC3562-B918-4EC2-A50E-2615B5C7EE24}.Release|Any CPU.ActiveCfg = Release|Any CPU
		{06CC3562-B918-4EC2-A50E-2615B5C7EE24}.Release|Any CPU.Build.0 = Release|Any CPU
		{F397B564-EFFB-4E54-BB7D-F5EE2A04953E}.Debug|Any CPU.ActiveCfg = Debug|Any CPU
		{F397B564-EFFB-4E54-BB7D-F5EE2A04953E}.Debug|Any CPU.Build.0 = Debug|Any CPU
		{F397B564-EFFB-4E54-BB7D-F5EE2A04953E}.Release|Any CPU.ActiveCfg = Release|Any CPU
		{F397B564-EFFB-4E54-BB7D-F5EE2A04953E}.Release|Any CPU.Build.0 = Release|Any CPU
		{EA48D578-FDF6-4F4F-AC00-43EF5066680E}.Debug|Any CPU.ActiveCfg = Debug|Any CPU
		{EA48D578-FDF6-4F4F-AC00-43EF5066680E}.Debug|Any CPU.Build.0 = Debug|Any CPU
		{EA48D578-FDF6-4F4F-AC00-43EF5066680E}.Release|Any CPU.ActiveCfg = Release|Any CPU
		{EA48D578-FDF6-4F4F-AC00-43EF5066680E}.Release|Any CPU.Build.0 = Release|Any CPU
	EndGlobalSection
EndGlobal
