
Microsoft Visual Studio Solution File, Format Version 12.00
# Visual Studio Version 17
VisualStudioVersion = 17.3.32922.545
MinimumVisualStudioVersion = 10.0.40219.1
Project("{FAE04EC0-301F-11D3-BF4B-00C04F79EFBC}") = "Linq_Example_2", "Linq_Example_2\Linq_Example_2.csproj", "{FB82E4F0-F372-4317-9F46-F7DE187CAACB}"
EndProject
Global
	GlobalSection(SolutionConfigurationPlatforms) = preSolution
		Debug|Any CPU = Debug|Any CPU
		Release|Any CPU = Release|Any CPU
	EndGlobalSection
	GlobalSection(ProjectConfigurationPlatforms) = postSolution
		{FB82E4F0-F372-4317-9F46-F7DE187CAACB}.Debug|Any CPU.ActiveCfg = Debug|Any CPU
		{FB82E4F0-F372-4317-9F46-F7DE187CAACB}.Debug|Any CPU.Build.0 = Debug|Any CPU
		{FB82E4F0-F372-4317-9F46-F7DE187CAACB}.Release|Any CPU.ActiveCfg = Release|Any CPU
		{FB82E4F0-F372-4317-9F46-F7DE187CAACB}.Release|Any CPU.Build.0 = Release|Any CPU
	EndGlobalSection
	GlobalSection(SolutionProperties) = preSolution
		HideSolutionNode = FALSE
	EndGlobalSection
	GlobalSection(ExtensibilityGlobals) = postSolution
		SolutionGuid = {A7B7D070-98AB-4280-B21C-E6429F36C998}
	EndGlobalSection
EndGlobal
