
Microsoft Visual Studio Solution File, Format Version 12.00
# Visual Studio Version 17
VisualStudioVersion = 17.0.31903.59
MinimumVisualStudioVersion = 10.0.40219.1
Project("{FAE04EC0-301F-11D3-BF4B-00C04F79EFBC}") = "WorkingWithNumbers", "WorkingWithNumbers\WorkingWithNumbers.csproj", "{3239EB3E-C1FB-45AC-A2A1-325FB55D6D6F}"
EndProject
Project("{FAE04EC0-301F-11D3-BF4B-00C04F79EFBC}") = "WorkingWithText", "WorkingWithText\WorkingWithText.csproj", "{B3B90D13-9868-4EE1-BA08-04AECDAB2F42}"
EndProject
Project("{FAE04EC0-301F-11D3-BF4B-00C04F79EFBC}") = "WorkingWithRegularExpressions", "WorkingWithRegularExpressions\WorkingWithRegularExpressions.csproj", "{BF58A698-40E3-4E33-B55A-0C9DB0609471}"
EndProject
Global
	GlobalSection(SolutionConfigurationPlatforms) = preSolution
		Debug|Any CPU = Debug|Any CPU
		Release|Any CPU = Release|Any CPU
	EndGlobalSection
	GlobalSection(SolutionProperties) = preSolution
		HideSolutionNode = FALSE
	EndGlobalSection
	GlobalSection(ProjectConfigurationPlatforms) = postSolution
		{3239EB3E-C1FB-45AC-A2A1-325FB55D6D6F}.Debug|Any CPU.ActiveCfg = Debug|Any CPU
		{3239EB3E-C1FB-45AC-A2A1-325FB55D6D6F}.Debug|Any CPU.Build.0 = Debug|Any CPU
		{3239EB3E-C1FB-45AC-A2A1-325FB55D6D6F}.Release|Any CPU.ActiveCfg = Release|Any CPU
		{3239EB3E-C1FB-45AC-A2A1-325FB55D6D6F}.Release|Any CPU.Build.0 = Release|Any CPU
		{B3B90D13-9868-4EE1-BA08-04AECDAB2F42}.Debug|Any CPU.ActiveCfg = Debug|Any CPU
		{B3B90D13-9868-4EE1-BA08-04AECDAB2F42}.Debug|Any CPU.Build.0 = Debug|Any CPU
		{B3B90D13-9868-4EE1-BA08-04AECDAB2F42}.Release|Any CPU.ActiveCfg = Release|Any CPU
		{B3B90D13-9868-4EE1-BA08-04AECDAB2F42}.Release|Any CPU.Build.0 = Release|Any CPU
		{BF58A698-40E3-4E33-B55A-0C9DB0609471}.Debug|Any CPU.ActiveCfg = Debug|Any CPU
		{BF58A698-40E3-4E33-B55A-0C9DB0609471}.Debug|Any CPU.Build.0 = Debug|Any CPU
		{BF58A698-40E3-4E33-B55A-0C9DB0609471}.Release|Any CPU.ActiveCfg = Release|Any CPU
		{BF58A698-40E3-4E33-B55A-0C9DB0609471}.Release|Any CPU.Build.0 = Release|Any CPU
	EndGlobalSection
EndGlobal
