
Microsoft Visual Studio Solution File, Format Version 12.00
# Visual Studio Version 17
VisualStudioVersion = 17.3.32922.545
MinimumVisualStudioVersion = 10.0.40219.1
Project("{FAE04EC0-301F-11D3-BF4B-00C04F79EFBC}") = "MyCalculator_Example_WinForm", "MyCalculator_Example_WinForm\MyCalculator_Example_WinForm.csproj", "{7A4ADA48-E5E0-48AE-BF0E-CBCE7471AC24}"
EndProject
Global
	GlobalSection(SolutionConfigurationPlatforms) = preSolution
		Debug|Any CPU = Debug|Any CPU
		Release|Any CPU = Release|Any CPU
	EndGlobalSection
	GlobalSection(ProjectConfigurationPlatforms) = postSolution
		{7A4ADA48-E5E0-48AE-BF0E-CBCE7471AC24}.Debug|Any CPU.ActiveCfg = Debug|Any CPU
		{7A4ADA48-E5E0-48AE-BF0E-CBCE7471AC24}.Debug|Any CPU.Build.0 = Debug|Any CPU
		{7A4ADA48-E5E0-48AE-BF0E-CBCE7471AC24}.Release|Any CPU.ActiveCfg = Release|Any CPU
		{7A4ADA48-E5E0-48AE-BF0E-CBCE7471AC24}.Release|Any CPU.Build.0 = Release|Any CPU
	EndGlobalSection
	GlobalSection(SolutionProperties) = preSolution
		HideSolutionNode = FALSE
	EndGlobalSection
	GlobalSection(ExtensibilityGlobals) = postSolution
		SolutionGuid = {14DAE6C3-79C8-42C0-A3E8-36697E7D1C44}
	EndGlobalSection
EndGlobal
