
Microsoft Visual Studio Solution File, Format Version 12.00
# Visual Studio Version 17
VisualStudioVersion = 17.0.31903.59
MinimumVisualStudioVersion = 10.0.40219.1
Project("{FAE04EC0-301F-11D3-BF4B-00C04F79EFBC}") = "Northwind.Common.EntityModels.Sqlite", "Northwind.Common.EntityModels.Sqlite\Northwind.Common.EntityModels.Sqlite.csproj", "{A01B1727-6DD3-4C79-954C-3E76E398AE6B}"
EndProject
Project("{FAE04EC0-301F-11D3-BF4B-00C04F79EFBC}") = "Northwind.Common.DataContext.Sqlite", "Northwind.Common.DataContext.Sqlite\Northwind.Common.DataContext.Sqlite.csproj", "{8C93859B-713A-468C-A3A3-82EF61D7BCE8}"
EndProject
Project("{FAE04EC0-301F-11D3-BF4B-00C04F79EFBC}") = "Northwind.Common.UnitTests", "Northwind.Common.UnitTests\Northwind.Common.UnitTests.csproj", "{BFFABDE9-9CA5-4B53-93B9-7DD804D3A2B9}"
EndProject
Project("{FAE04EC0-301F-11D3-BF4B-00C04F79EFBC}") = "Northwind.Web", "Northwind.Web\Northwind.Web.csproj", "{121C345E-E4BC-4BF7-8F22-80AC79FC357B}"
EndProject
Global
	GlobalSection(SolutionConfigurationPlatforms) = preSolution
		Debug|Any CPU = Debug|Any CPU
		Release|Any CPU = Release|Any CPU
	EndGlobalSection
	GlobalSection(SolutionProperties) = preSolution
		HideSolutionNode = FALSE
	EndGlobalSection
	GlobalSection(ProjectConfigurationPlatforms) = postSolution
		{A01B1727-6DD3-4C79-954C-3E76E398AE6B}.Debug|Any CPU.ActiveCfg = Debug|Any CPU
		{A01B1727-6DD3-4C79-954C-3E76E398AE6B}.Debug|Any CPU.Build.0 = Debug|Any CPU
		{A01B1727-6DD3-4C79-954C-3E76E398AE6B}.Release|Any CPU.ActiveCfg = Release|Any CPU
		{A01B1727-6DD3-4C79-954C-3E76E398AE6B}.Release|Any CPU.Build.0 = Release|Any CPU
		{8C93859B-713A-468C-A3A3-82EF61D7BCE8}.Debug|Any CPU.ActiveCfg = Debug|Any CPU
		{8C93859B-713A-468C-A3A3-82EF61D7BCE8}.Debug|Any CPU.Build.0 = Debug|Any CPU
		{8C93859B-713A-468C-A3A3-82EF61D7BCE8}.Release|Any CPU.ActiveCfg = Release|Any CPU
		{8C93859B-713A-468C-A3A3-82EF61D7BCE8}.Release|Any CPU.Build.0 = Release|Any CPU
		{BFFABDE9-9CA5-4B53-93B9-7DD804D3A2B9}.Debug|Any CPU.ActiveCfg = Debug|Any CPU
		{BFFABDE9-9CA5-4B53-93B9-7DD804D3A2B9}.Debug|Any CPU.Build.0 = Debug|Any CPU
		{BFFABDE9-9CA5-4B53-93B9-7DD804D3A2B9}.Release|Any CPU.ActiveCfg = Release|Any CPU
		{BFFABDE9-9CA5-4B53-93B9-7DD804D3A2B9}.Release|Any CPU.Build.0 = Release|Any CPU
		{121C345E-E4BC-4BF7-8F22-80AC79FC357B}.Debug|Any CPU.ActiveCfg = Debug|Any CPU
		{121C345E-E4BC-4BF7-8F22-80AC79FC357B}.Debug|Any CPU.Build.0 = Debug|Any CPU
		{121C345E-E4BC-4BF7-8F22-80AC79FC357B}.Release|Any CPU.ActiveCfg = Release|Any CPU
		{121C345E-E4BC-4BF7-8F22-80AC79FC357B}.Release|Any CPU.Build.0 = Release|Any CPU
	EndGlobalSection
EndGlobal
