
Microsoft Visual Studio Solution File, Format Version 12.00
# Visual Studio Version 17
VisualStudioVersion = 17.3.32922.545
MinimumVisualStudioVersion = 10.0.40219.1
Project("{FAE04EC0-301F-11D3-BF4B-00C04F79EFBC}") = "Static_Example", "Static_Example\Static_Example.csproj", "{22C5A9A2-69A3-45CC-8A7D-8B68D92DAE7E}"
EndProject
Global
	GlobalSection(SolutionConfigurationPlatforms) = preSolution
		Debug|Any CPU = Debug|Any CPU
		Release|Any CPU = Release|Any CPU
	EndGlobalSection
	GlobalSection(ProjectConfigurationPlatforms) = postSolution
		{22C5A9A2-69A3-45CC-8A7D-8B68D92DAE7E}.Debug|Any CPU.ActiveCfg = Debug|Any CPU
		{22C5A9A2-69A3-45CC-8A7D-8B68D92DAE7E}.Debug|Any CPU.Build.0 = Debug|Any CPU
		{22C5A9A2-69A3-45CC-8A7D-8B68D92DAE7E}.Release|Any CPU.ActiveCfg = Release|Any CPU
		{22C5A9A2-69A3-45CC-8A7D-8B68D92DAE7E}.Release|Any CPU.Build.0 = Release|Any CPU
	EndGlobalSection
	GlobalSection(SolutionProperties) = preSolution
		HideSolutionNode = FALSE
	EndGlobalSection
	GlobalSection(ExtensibilityGlobals) = postSolution
		SolutionGuid = {68AE91F6-C52E-469F-92B5-F0BA2FB54CDB}
	EndGlobalSection
EndGlobal
